
Microsoft Visual Studio Solution File, Format Version 12.00
# Visual Studio Version 17
VisualStudioVersion = 17.6.33326.401
MinimumVisualStudioVersion = 10.0.40219.1
Project("{FAE04EC0-301F-11D3-BF4B-00C04F79EFBC}") = "SimpleFunction", "SimpleFunction\SimpleFunction.csproj", "{6633C91E-AEBC-4556-84FD-8C1C0B7ED408}"
EndProject
Global
	GlobalSection(SolutionConfigurationPlatforms) = preSolution
		Debug|Any CPU = Debug|Any CPU
		Release|Any CPU = Release|Any CPU
	EndGlobalSection
	GlobalSection(ProjectConfigurationPlatforms) = postSolution
		{6633C91E-AEBC-4556-84FD-8C1C0B7ED408}.Debug|Any CPU.ActiveCfg = Debug|Any CPU
		{6633C91E-AEBC-4556-84FD-8C1C0B7ED408}.Debug|Any CPU.Build.0 = Debug|Any CPU
		{6633C91E-AEBC-4556-84FD-8C1C0B7ED408}.Release|Any CPU.ActiveCfg = Release|Any CPU
		{6633C91E-AEBC-4556-84FD-8C1C0B7ED408}.Release|Any CPU.Build.0 = Release|Any CPU
	EndGlobalSection
	GlobalSection(SolutionProperties) = preSolution
		HideSolutionNode = FALSE
	EndGlobalSection
	GlobalSection(ExtensibilityGlobals) = postSolution
		SolutionGuid = {6A95436B-17F3-4953-B98F-506B7C9C61C4}
	EndGlobalSection
EndGlobal
